// !$*UTF8*$!
{
	archiveVersion = 1;
	classes = {
	};
	objectVersion = 46;
	objects = {

/* Begin PBXBuildFile section */
		AD1085AE1E92E9C40036D42F /* AppDelegate.swift in Sources */ = {isa = PBXBuildFile; fileRef = AD1085AD1E92E9C40036D42F /* AppDelegate.swift */; };
		AD1085B01E92E9C40036D42F /* ViewController.swift in Sources */ = {isa = PBXBuildFile; fileRef = AD1085AF1E92E9C40036D42F /* ViewController.swift */; };
		AD1085B31E92E9C40036D42F /* Main.storyboard in Resources */ = {isa = PBXBuildFile; fileRef = AD1085B11E92E9C40036D42F /* Main.storyboard */; };
		AD1085B51E92E9C40036D42F /* Assets.xcassets in Resources */ = {isa = PBXBuildFile; fileRef = AD1085B41E92E9C40036D42F /* Assets.xcassets */; };
		AD1085B81E92E9C40036D42F /* LaunchScreen.storyboard in Resources */ = {isa = PBXBuildFile; fileRef = AD1085B61E92E9C40036D42F /* LaunchScreen.storyboard */; };
		AD1085C01E92E9D60036D42F /* Chainable.swift in Sources */ = {isa = PBXBuildFile; fileRef = AD1085BF1E92E9D60036D42F /* Chainable.swift */; };
		AD1085C61E92EA3A0036D42F /* View.swift in Sources */ = {isa = PBXBuildFile; fileRef = AD1085C51E92EA3A0036D42F /* View.swift */; };
		AD1085C81E92EA460036D42F /* Presenter.swift in Sources */ = {isa = PBXBuildFile; fileRef = AD1085C71E92EA460036D42F /* Presenter.swift */; };
		AD1085CA1E92EA570036D42F /* Repository.swift in Sources */ = {isa = PBXBuildFile; fileRef = AD1085C91E92EA570036D42F /* Repository.swift */; };
/* End PBXBuildFile section */

/* Begin PBXFileReference section */
		AD1085AA1E92E9C40036D42F /* ChainClosure.app */ = {isa = PBXFileReference; explicitFileType = wrapper.application; includeInIndex = 0; path = ChainClosure.app; sourceTree = BUILT_PRODUCTS_DIR; };
		AD1085AD1E92E9C40036D42F /* AppDelegate.swift */ = {isa = PBXFileReference; lastKnownFileType = sourcecode.swift; path = AppDelegate.swift; sourceTree = "<group>"; };
		AD1085AF1E92E9C40036D42F /* ViewController.swift */ = {isa = PBXFileReference; lastKnownFileType = sourcecode.swift; path = ViewController.swift; sourceTree = "<group>"; };
		AD1085B21E92E9C40036D42F /* Base */ = {isa = PBXFileReference; lastKnownFileType = file.storyboard; name = Base; path = Base.lproj/Main.storyboard; sourceTree = "<group>"; };
		AD1085B41E92E9C40036D42F /* Assets.xcassets */ = {isa = PBXFileReference; lastKnownFileType = folder.assetcatalog; path = Assets.xcassets; sourceTree = "<group>"; };
		AD1085B71E92E9C40036D42F /* Base */ = {isa = PBXFileReference; lastKnownFileType = file.storyboard; name = Base; path = Base.lproj/LaunchScreen.storyboard; sourceTree = "<group>"; };
		AD1085B91E92E9C40036D42F /* Info.plist */ = {isa = PBXFileReference; lastKnownFileType = text.plist.xml; path = Info.plist; sourceTree = "<group>"; };
		AD1085BF1E92E9D60036D42F /* Chainable.swift */ = {isa = PBXFileReference; fileEncoding = 4; lastKnownFileType = sourcecode.swift; path = Chainable.swift; sourceTree = "<group>"; };
		AD1085C11E92E9FF0036D42F /* ChainClosure-Bridging-Header.h */ = {isa = PBXFileReference; lastKnownFileType = sourcecode.c.h; path = "ChainClosure-Bridging-Header.h"; sourceTree = "<group>"; };
		AD1085C51E92EA3A0036D42F /* View.swift */ = {isa = PBXFileReference; fileEncoding = 4; lastKnownFileType = sourcecode.swift; path = View.swift; sourceTree = "<group>"; };
		AD1085C71E92EA460036D42F /* Presenter.swift */ = {isa = PBXFileReference; fileEncoding = 4; lastKnownFileType = sourcecode.swift; path = Presenter.swift; sourceTree = "<group>"; };
		AD1085C91E92EA570036D42F /* Repository.swift */ = {isa = PBXFileReference; fileEncoding = 4; lastKnownFileType = sourcecode.swift; path = Repository.swift; sourceTree = "<group>"; };
/* End PBXFileReference section */

/* Begin PBXFrameworksBuildPhase section */
		AD1085A71E92E9C40036D42F /* Frameworks */ = {
			isa = PBXFrameworksBuildPhase;
			buildActionMask = 2147483647;
			files = (
			);
			runOnlyForDeploymentPostprocessing = 0;
		};
/* End PBXFrameworksBuildPhase section */

/* Begin PBXGroup section */
		AD1085A11E92E9C40036D42F = {
			isa = PBXGroup;
			children = (
				AD1085AC1E92E9C40036D42F /* ChainClosure */,
				AD1085AB1E92E9C40036D42F /* Products */,
			);
			sourceTree = "<group>";
		};
		AD1085AB1E92E9C40036D42F /* Products */ = {
			isa = PBXGroup;
			children = (
				AD1085AA1E92E9C40036D42F /* ChainClosure.app */,
			);
			name = Products;
			sourceTree = "<group>";
		};
		AD1085AC1E92E9C40036D42F /* ChainClosure */ = {
			isa = PBXGroup;
			children = (
				AD1085AD1E92E9C40036D42F /* AppDelegate.swift */,
				AD1085C51E92EA3A0036D42F /* View.swift */,
				AD1085AF1E92E9C40036D42F /* ViewController.swift */,
				AD1085BF1E92E9D60036D42F /* Chainable.swift */,
				AD1085C71E92EA460036D42F /* Presenter.swift */,
				AD1085C91E92EA570036D42F /* Repository.swift */,
				AD1085B11E92E9C40036D42F /* Main.storyboard */,
				AD1085B41E92E9C40036D42F /* Assets.xcassets */,
				AD1085B61E92E9C40036D42F /* LaunchScreen.storyboard */,
				AD1085B91E92E9C40036D42F /* Info.plist */,
				AD1085C11E92E9FF0036D42F /* ChainClosure-Bridging-Header.h */,
			);
			path = ChainClosure;
			sourceTree = "<group>";
		};
/* End PBXGroup section */

/* Begin PBXNativeTarget section */
		AD1085A91E92E9C40036D42F /* ChainClosure */ = {
			isa = PBXNativeTarget;
			buildConfigurationList = AD1085BC1E92E9C40036D42F /* Build configuration list for PBXNativeTarget "ChainClosure" */;
			buildPhases = (
				AD1085A61E92E9C40036D42F /* Sources */,
				AD1085A71E92E9C40036D42F /* Frameworks */,
				AD1085A81E92E9C40036D42F /* Resources */,
			);
			buildRules = (
			);
			dependencies = (
			);
			name = ChainClosure;
			productName = ChainClosure;
			productReference = AD1085AA1E92E9C40036D42F /* ChainClosure.app */;
			productType = "com.apple.product-type.application";
		};
/* End PBXNativeTarget section */

/* Begin PBXProject section */
		AD1085A21E92E9C40036D42F /* Project object */ = {
			isa = PBXProject;
			attributes = {
				LastSwiftUpdateCheck = 0830;
				LastUpgradeCheck = 0830;
				ORGANIZATIONNAME = "Andrey Panov";
				TargetAttributes = {
					AD1085A91E92E9C40036D42F = {
						CreatedOnToolsVersion = 8.3;
						DevelopmentTeam = CMWP53JFC4;
						LastSwiftMigration = 0830;
						ProvisioningStyle = Automatic;
					};
				};
			};
			buildConfigurationList = AD1085A51E92E9C40036D42F /* Build configuration list for PBXProject "ChainClosure" */;
			compatibilityVersion = "Xcode 3.2";
			developmentRegion = English;
			hasScannedForEncodings = 0;
			knownRegions = (
				en,
				Base,
			);
			mainGroup = AD1085A11E92E9C40036D42F;
			productRefGroup = AD1085AB1E92E9C40036D42F /* Products */;
			projectDirPath = "";
			projectRoot = "";
			targets = (
				AD1085A91E92E9C40036D42F /* ChainClosure */,
			);
		};
/* End PBXProject section */

/* Begin PBXResourcesBuildPhase section */
		AD1085A81E92E9C40036D42F /* Resources */ = {
			isa = PBXResourcesBuildPhase;
			buildActionMask = 2147483647;
			files = (
				AD1085B81E92E9C40036D42F /* LaunchScreen.storyboard in Resources */,
				AD1085B51E92E9C40036D42F /* Assets.xcassets in Resources */,
				AD1085B31E92E9C40036D42F /* Main.storyboard in Resources */,
			);
			runOnlyForDeploymentPostprocessing = 0;
		};
/* End PBXResourcesBuildPhase section */

/* Begin PBXSourcesBuildPhase section */
		AD1085A61E92E9C40036D42F /* Sources */ = {
			isa = PBXSourcesBuildPhase;
			buildActionMask = 2147483647;
			files = (
				AD1085C61E92EA3A0036D42F /* View.swift in Sources */,
				AD1085B01E92E9C40036D42F /* ViewController.swift in Sources */,
				AD1085C01E92E9D60036D42F /* Chainable.swift in Sources */,
				AD1085AE1E92E9C40036D42F /* AppDelegate.swift in Sources */,
				AD1085C81E92EA460036D42F /* Presenter.swift in Sources */,
				AD1085CA1E92EA570036D42F /* Repository.swift in Sources */,
			);
			runOnlyForDeploymentPostprocessing = 0;
		};
/* End PBXSourcesBuildPhase section */

/* Begin PBXVariantGroup section */
		AD1085B11E92E9C40036D42F /* Main.storyboard */ = {
			isa = PBXVariantGroup;
			children = (
				AD1085B21E92E9C40036D42F /* Base */,
			);
			name = Main.storyboard;
			sourceTree = "<group>";
		};
		AD1085B61E92E9C40036D42F /* LaunchScreen.storyboard */ = {
			isa = PBXVariantGroup;
			children = (
				AD1085B71E92E9C40036D42F /* Base */,
			);
			name = LaunchScreen.storyboard;
			sourceTree = "<group>";
		};
/* End PBXVariantGroup section */

/* Begin XCBuildConfiguration section */
		AD1085BA1E92E9C40036D42F /* Debug */ = {
			isa = XCBuildConfiguration;
			buildSettings = {
				ALWAYS_SEARCH_USER_PATHS = NO;
				CLANG_ANALYZER_NONNULL = YES;
				CLANG_ANALYZER_NUMBER_OBJECT_CONVERSION = YES_AGGRESSIVE;
				CLANG_CXX_LANGUAGE_STANDARD = "gnu++0x";
				CLANG_CXX_LIBRARY = "libc++";
				CLANG_ENABLE_MODULES = YES;
				CLANG_ENABLE_OBJC_ARC = YES;
				CLANG_WARN_BOOL_CONVERSION = YES;
				CLANG_WARN_CONSTANT_CONVERSION = YES;
				CLANG_WARN_DIRECT_OBJC_ISA_USAGE = YES_ERROR;
				CLANG_WARN_DOCUMENTATION_COMMENTS = YES;
				CLANG_WARN_EMPTY_BODY = YES;
				CLANG_WARN_ENUM_CONVERSION = YES;
				CLANG_WARN_INFINITE_RECURSION = YES;
				CLANG_WARN_INT_CONVERSION = YES;
				CLANG_WARN_OBJC_ROOT_CLASS = YES_ERROR;
				CLANG_WARN_SUSPICIOUS_MOVE = YES;
				CLANG_WARN_UNREACHABLE_CODE = YES;
				CLANG_WARN__DUPLICATE_METHOD_MATCH = YES;
				"CODE_SIGN_IDENTITY[sdk=iphoneos*]" = "iPhone Developer";
				COPY_PHASE_STRIP = NO;
				DEBUG_INFORMATION_FORMAT = dwarf;
				ENABLE_STRICT_OBJC_MSGSEND = YES;
				ENABLE_TESTABILITY = YES;
				GCC_C_LANGUAGE_STANDARD = gnu99;
				GCC_DYNAMIC_NO_PIC = NO;
				GCC_NO_COMMON_BLOCKS = YES;
				GCC_OPTIMIZATION_LEVEL = 0;
				GCC_PREPROCESSOR_DEFINITIONS = (
					"DEBUG=1",
					"$(inherited)",
				);
				GCC_WARN_64_TO_32_BIT_CONVERSION = YES;
				GCC_WARN_ABOUT_RETURN_TYPE = YES_ERROR;
				GCC_WARN_UNDECLARED_SELECTOR = YES;
				GCC_WARN_UNINITIALIZED_AUTOS = YES_AGGRESSIVE;
				GCC_WARN_UNUSED_FUNCTION = YES;
				GCC_WARN_UNUSED_VARIABLE = YES;
				IPHONEOS_DEPLOYMENT_TARGET = 10.3;
				MTL_ENABLE_DEBUG_INFO = YES;
				ONLY_ACTIVE_ARCH = YES;
				SDKROOT = iphoneos;
				SWIFT_ACTIVE_COMPILATION_CONDITIONS = DEBUG;
				SWIFT_OPTIMIZATION_LEVEL = "-Onone";
			};
			name = Debug;
		};
		AD1085BB1E92E9C40036D42F /* Release */ = {
			isa = XCBuildConfiguration;
			buildSettings = {
				ALWAYS_SEARCH_USER_PATHS = NO;
				CLANG_ANALYZER_NONNULL = YES;
				CLANG_ANALYZER_NUMBER_OBJECT_CONVERSION = YES_AGGRESSIVE;
				CLANG_CXX_LANGUAGE_STANDARD = "gnu++0x";
				CLANG_CXX_LIBRARY = "libc++";
				CLANG_ENABLE_MODULES = YES;
				CLANG_ENABLE_OBJC_ARC = YES;
				CLANG_WARN_BOOL_CONVERSION = YES;
				CLANG_WARN_CONSTANT_CONVERSION = YES;
				CLANG_WARN_DIRECT_OBJC_ISA_USAGE = YES_ERROR;
				CLANG_WARN_DOCUMENTATION_COMMENTS = YES;
				CLANG_WARN_EMPTY_BODY = YES;
				CLANG_WARN_ENUM_CONVERSION = YES;
				CLANG_WARN_INFINITE_RECURSION = YES;
				CLANG_WARN_INT_CONVERSION = YES;
				CLANG_WARN_OBJC_ROOT_CLASS = YES_ERROR;
				CLANG_WARN_SUSPICIOUS_MOVE = YES;
				CLANG_WARN_UNREACHABLE_CODE = YES;
				CLANG_WARN__DUPLICATE_METHOD_MATCH = YES;
				"CODE_SIGN_IDENTITY[sdk=iphoneos*]" = "iPhone Developer";
				COPY_PHASE_STRIP = NO;
				DEBUG_INFORMATION_FORMAT = "dwarf-with-dsym";
				ENABLE_NS_ASSERTIONS = NO;
				ENABLE_STRICT_OBJC_MSGSEND = YES;
				GCC_C_LANGUAGE_STANDARD = gnu99;
				GCC_NO_COMMON_BLOCKS = YES;
				GCC_WARN_64_TO_32_BIT_CONVERSION = YES;
				GCC_WARN_ABOUT_RETURN_TYPE = YES_ERROR;
				GCC_WARN_UNDECLARED_SELECTOR = YES;
				GCC_WARN_UNINITIALIZED_AUTOS = YES_AGGRESSIVE;
				GCC_WARN_UNUSED_FUNCTION = YES;
				GCC_WARN_UNUSED_VARIABLE = YES;
				IPHONEOS_DEPLOYMENT_TARGET = 10.3;
				MTL_ENABLE_DEBUG_INFO = NO;
				SDKROOT = iphoneos;
				SWIFT_OPTIMIZATION_LEVEL = "-Owholemodule";
				VALIDATE_PRODUCT = YES;
			};
			name = Release;
		};
		AD1085BD1E92E9C40036D42F /* Debug */ = {
			isa = XCBuildConfiguration;
			buildSettings = {
				ASSETCATALOG_COMPILER_APPICON_NAME = AppIcon;
				CLANG_ENABLE_MODULES = YES;
				DEVELOPMENT_TEAM = CMWP53JFC4;
				INFOPLIST_FILE = ChainClosure/Info.plist;
				LD_RUNPATH_SEARCH_PATHS = "$(inherited) @executable_path/Frameworks";
				PRODUCT_BUNDLE_IDENTIFIER = com.panov.ChainClosure;
				PRODUCT_NAME = "$(TARGET_NAME)";
				SWIFT_OBJC_BRIDGING_HEADER = "ChainClosure/ChainClosure-Bridging-Header.h";
				SWIFT_OPTIMIZATION_LEVEL = "-Onone";
				SWIFT_VERSION = 3.0;
			};
			name = Debug;
		};
		AD1085BE1E92E9C40036D42F /* Release */ = {
			isa = XCBuildConfiguration;
			buildSettings = {
				ASSETCATALOG_COMPILER_APPICON_NAME = AppIcon;
				CLANG_ENABLE_MODULES = YES;
				DEVELOPMENT_TEAM = CMWP53JFC4;
				INFOPLIST_FILE = ChainClosure/Info.plist;
				LD_RUNPATH_SEARCH_PATHS = "$(inherited) @executable_path/Frameworks";
				PRODUCT_BUNDLE_IDENTIFIER = com.panov.ChainClosure;
				PRODUCT_NAME = "$(TARGET_NAME)";
				SWIFT_OBJC_BRIDGING_HEADER = "ChainClosure/ChainClosure-Bridging-Header.h";
				SWIFT_VERSION = 3.0;
			};
			name = Release;
		};
/* End XCBuildConfiguration section */

/* Begin XCConfigurationList section */
		AD1085A51E92E9C40036D42F /* Build configuration list for PBXProject "ChainClosure" */ = {
			isa = XCConfigurationList;
			buildConfigurations = (
				AD1085BA1E92E9C40036D42F /* Debug */,
				AD1085BB1E92E9C40036D42F /* Release */,
			);
			defaultConfigurationIsVisible = 0;
			defaultConfigurationName = Release;
		};
		AD1085BC1E92E9C40036D42F /* Build configuration list for PBXNativeTarget "ChainClosure" */ = {
			isa = XCConfigurationList;
			buildConfigurations = (
				AD1085BD1E92E9C40036D42F /* Debug */,
				AD1085BE1E92E9C40036D42F /* Release */,
			);
			defaultConfigurationIsVisible = 0;
		};
/* End XCConfigurationList section */
	};
	rootObject = AD1085A21E92E9C40036D42F /* Project object */;
}
